// !$*UTF8*$!
{
	archiveVersion = 1;
	classes = {
	};
	objectVersion = 56;
	objects = {

/* Begin PBXBuildFile section */
		B00257B72B7F7BE100311188 /* SecondNumpad.swift in Sources */ = {isa = PBXBuildFile; fileRef = B00257B62B7F7BE100311188 /* SecondNumpad.swift */; };
		B00257B92B7FC05C00311188 /* PullButton.swift in Sources */ = {isa = PBXBuildFile; fileRef = B00257B82B7FC05C00311188 /* PullButton.swift */; };
		B00257BB2B8488D000311188 /* NumpadController.swift in Sources */ = {isa = PBXBuildFile; fileRef = B00257BA2B8488CF00311188 /* NumpadController.swift */; };
		B00257BD2B848C7200311188 /* InstantPanGestureRecognizer.swift in Sources */ = {isa = PBXBuildFile; fileRef = B00257BC2B848C7200311188 /* InstantPanGestureRecognizer.swift */; };
		B02EC65D2B5D8D4E00CE0122 /* AppDelegate.swift in Sources */ = {isa = PBXBuildFile; fileRef = B02EC65C2B5D8D4E00CE0122 /* AppDelegate.swift */; };
		B02EC65F2B5D8D4E00CE0122 /* SceneDelegate.swift in Sources */ = {isa = PBXBuildFile; fileRef = B02EC65E2B5D8D4E00CE0122 /* SceneDelegate.swift */; };
		B02EC6612B5D8D4E00CE0122 /* ViewController.swift in Sources */ = {isa = PBXBuildFile; fileRef = B02EC6602B5D8D4E00CE0122 /* ViewController.swift */; };
		B02EC6642B5D8D4E00CE0122 /* Main.storyboard in Resources */ = {isa = PBXBuildFile; fileRef = B02EC6622B5D8D4E00CE0122 /* Main.storyboard */; };
		B02EC6662B5D8D5200CE0122 /* Assets.xcassets in Resources */ = {isa = PBXBuildFile; fileRef = B02EC6652B5D8D5200CE0122 /* Assets.xcassets */; };
		B02EC6692B5D8D5200CE0122 /* LaunchScreen.storyboard in Resources */ = {isa = PBXBuildFile; fileRef = B02EC6672B5D8D5200CE0122 /* LaunchScreen.storyboard */; };
		B03037F82BAF1A5900CA1DC6 /* SwitchCellListCell.swift in Sources */ = {isa = PBXBuildFile; fileRef = B03037F72BAF1A5800CA1DC6 /* SwitchCellListCell.swift */; };
		B03037FB2BAF1ED200CA1DC6 /* LabelCellListCell.swift in Sources */ = {isa = PBXBuildFile; fileRef = B03037FA2BAF1ED200CA1DC6 /* LabelCellListCell.swift */; };
		B03037FE2BAF3E9A00CA1DC6 /* SettingCollectionView.swift in Sources */ = {isa = PBXBuildFile; fileRef = B03037FD2BAF3E9A00CA1DC6 /* SettingCollectionView.swift */; };
		B03038012BAF47EB00CA1DC6 /* UINavigationItem + Extension.swift in Sources */ = {isa = PBXBuildFile; fileRef = B03038002BAF47EB00CA1DC6 /* UINavigationItem + Extension.swift */; };
		B0361A932BBDB68200963580 /* FontAppearance.swift in Sources */ = {isa = PBXBuildFile; fileRef = B0361A922BBDB68200963580 /* FontAppearance.swift */; };
		B04053F22BADC02B00EB217B /* UIView + Extension.swift in Sources */ = {isa = PBXBuildFile; fileRef = B04053F12BADC02B00EB217B /* UIView + Extension.swift */; };
		B04053F52BADDBC400EB217B /* GeneralSettingViewController.swift in Sources */ = {isa = PBXBuildFile; fileRef = B04053F42BADDBC400EB217B /* GeneralSettingViewController.swift */; };
		B0430D4E2BBC72440077207D /* MainView.swift in Sources */ = {isa = PBXBuildFile; fileRef = B0430D4D2BBC72440077207D /* MainView.swift */; };
		B04BFDCC2B736E7200ED7099 /* NumpadButton.swift in Sources */ = {isa = PBXBuildFile; fileRef = B04BFDCB2B736E7200ED7099 /* NumpadButton.swift */; };
		B04BFDCE2B7373A800ED7099 /* NumpadView.swift in Sources */ = {isa = PBXBuildFile; fileRef = B04BFDCD2B7373A800ED7099 /* NumpadView.swift */; };
		B04BFDD02B77EA3F00ED7099 /* NumpadView.xib in Resources */ = {isa = PBXBuildFile; fileRef = B04BFDCF2B77EA3F00ED7099 /* NumpadView.xib */; };
		B050E2532B9F762B00D48DFE /* SettingViewController.swift in Sources */ = {isa = PBXBuildFile; fileRef = B050E2522B9F762B00D48DFE /* SettingViewController.swift */; };
		B059F1E62B88FD8F0079EFFA /* Array + Extension.swift in Sources */ = {isa = PBXBuildFile; fileRef = B059F1E52B88FD8F0079EFFA /* Array + Extension.swift */; };
		B064E2F62B5EB7AB00E56208 /* CalculationError.swift in Sources */ = {isa = PBXBuildFile; fileRef = B064E2F52B5EB7AB00E56208 /* CalculationError.swift */; };
		B064E2F82B5EB7D900E56208 /* Calculate.swift in Sources */ = {isa = PBXBuildFile; fileRef = B064E2F72B5EB7D900E56208 /* Calculate.swift */; };
		B064E2FA2B5ED38800E56208 /* UIButton + Extension.swift in Sources */ = {isa = PBXBuildFile; fileRef = B064E2F92B5ED38800E56208 /* UIButton + Extension.swift */; };
		B064E2FC2B5ED4F000E56208 /* UILabel + Extension.swift in Sources */ = {isa = PBXBuildFile; fileRef = B064E2FB2B5ED4F000E56208 /* UILabel + Extension.swift */; };
		B064E3042B61728000E56208 /* Operation.swift in Sources */ = {isa = PBXBuildFile; fileRef = B064E3032B61728000E56208 /* Operation.swift */; };
		B064E3062B6180FA00E56208 /* BlurGradientEffect.swift in Sources */ = {isa = PBXBuildFile; fileRef = B064E3052B6180FA00E56208 /* BlurGradientEffect.swift */; };
		B064E30C2B626F4600E56208 /* Storage.swift in Sources */ = {isa = PBXBuildFile; fileRef = B064E30B2B626F4600E56208 /* Storage.swift */; };
		B064E30F2B62707500E56208 /* CalculationHistoryItem.swift in Sources */ = {isa = PBXBuildFile; fileRef = B064E30E2B62707500E56208 /* CalculationHistoryItem.swift */; };
		B064E3132B62B62300E56208 /* Calculation.swift in Sources */ = {isa = PBXBuildFile; fileRef = B064E3122B62B62300E56208 /* Calculation.swift */; };
		B064E3172B62B9EE00E56208 /* NumberFormatter + Extension.swift in Sources */ = {isa = PBXBuildFile; fileRef = B064E3162B62B9EE00E56208 /* NumberFormatter + Extension.swift */; };
		B064E3192B62BFF400E56208 /* UIWindow + Extension.swift in Sources */ = {isa = PBXBuildFile; fileRef = B064E3182B62BFF400E56208 /* UIWindow + Extension.swift */; };
		B064E31B2B62D8B000E56208 /* DisplayLabel.swift in Sources */ = {isa = PBXBuildFile; fileRef = B064E31A2B62D8B000E56208 /* DisplayLabel.swift */; };
		B064E3202B6456D800E56208 /* CGSize + Extension.swift in Sources */ = {isa = PBXBuildFile; fileRef = B064E31F2B6456D800E56208 /* CGSize + Extension.swift */; };
		B064E3262B6583AD00E56208 /* DynamicNumberFormatter.swift in Sources */ = {isa = PBXBuildFile; fileRef = B064E3252B6583AD00E56208 /* DynamicNumberFormatter.swift */; };
		B064E3282B6712C600E56208 /* SF-Pro.ttf in Resources */ = {isa = PBXBuildFile; fileRef = B064E3272B670FC500E56208 /* SF-Pro.ttf */; };
		B064E32A2B6713A300E56208 /* SF-Pro-Text-Regular.otf in Resources */ = {isa = PBXBuildFile; fileRef = B064E3292B6713A300E56208 /* SF-Pro-Text-Regular.otf */; };
		B069C2BC2BA08A2200503FEB /* HistoryDataController.swift in Sources */ = {isa = PBXBuildFile; fileRef = B069C2BB2BA08A2200503FEB /* HistoryDataController.swift */; };
		B069C2C62BA190FE00503FEB /* ButtonCellContentConfiguration.swift in Sources */ = {isa = PBXBuildFile; fileRef = B069C2C52BA190FE00503FEB /* ButtonCellContentConfiguration.swift */; };
		B069C2D22BA371CE00503FEB /* ButtonCellListCell.swift in Sources */ = {isa = PBXBuildFile; fileRef = B069C2D12BA371CE00503FEB /* ButtonCellListCell.swift */; };
		B069C2D42BA371F700503FEB /* ButtonCellContentView.swift in Sources */ = {isa = PBXBuildFile; fileRef = B069C2D32BA371F700503FEB /* ButtonCellContentView.swift */; };
		B069C2D62BA4728E00503FEB /* Font.swift in Sources */ = {isa = PBXBuildFile; fileRef = B069C2D52BA4728E00503FEB /* Font.swift */; };
		B069C2D92BA47E3000503FEB /* SettingModel.swift in Sources */ = {isa = PBXBuildFile; fileRef = B069C2D82BA47E3000503FEB /* SettingModel.swift */; };
		B09246642BC316BE00DC3799 /* SwiftMath in Frameworks */ = {isa = PBXBuildFile; productRef = B09246632BC316BE00DC3799 /* SwiftMath */; };
		B09246662BC31A0200DC3799 /* ExpressionCell.swift in Sources */ = {isa = PBXBuildFile; fileRef = B09246652BC31A0200DC3799 /* ExpressionCell.swift */; };
		B09246692BC440DD00DC3799 /* GenerationLatex.swift in Sources */ = {isa = PBXBuildFile; fileRef = B09246682BC440DD00DC3799 /* GenerationLatex.swift */; };
		B099E0C22B6AA1F1000670CE /* DynamicCalculate.swift in Sources */ = {isa = PBXBuildFile; fileRef = B099E0C12B6AA1F1000670CE /* DynamicCalculate.swift */; };
		B099E0C72B6BF016000670CE /* DataProvider.swift in Sources */ = {isa = PBXBuildFile; fileRef = B099E0C62B6BF016000670CE /* DataProvider.swift */; };
		B099E0C92B6BF86F000670CE /* HistoryManager.swift in Sources */ = {isa = PBXBuildFile; fileRef = B099E0C82B6BF86F000670CE /* HistoryManager.swift */; };
		B099E0CB2B6C03DA000670CE /* SettingManager.swift in Sources */ = {isa = PBXBuildFile; fileRef = B099E0CA2B6C03DA000670CE /* SettingManager.swift */; };
		B0A1B8562BB4321100D7E568 /* WhiteNavigationBar.swift in Sources */ = {isa = PBXBuildFile; fileRef = B0A1B8552BB4321100D7E568 /* WhiteNavigationBar.swift */; };
		B0A1B8582BB43DFB00D7E568 /* AnimationController.swift in Sources */ = {isa = PBXBuildFile; fileRef = B0A1B8572BB43DFB00D7E568 /* AnimationController.swift */; };
		B0A1B85A2BB460C300D7E568 /* AnimationInteractiveController.swift in Sources */ = {isa = PBXBuildFile; fileRef = B0A1B8592BB460C300D7E568 /* AnimationInteractiveController.swift */; };
		B0A1B85F2BB807BD00D7E568 /* SchemeColor.swift in Sources */ = {isa = PBXBuildFile; fileRef = B0A1B85E2BB807BD00D7E568 /* SchemeColor.swift */; };
		B0A1B8612BB883FC00D7E568 /* ColorAppearance.swift in Sources */ = {isa = PBXBuildFile; fileRef = B0A1B8602BB883FC00D7E568 /* ColorAppearance.swift */; };
		B0A1B8652BB8AC8F00D7E568 /* BasicAnimation.swift in Sources */ = {isa = PBXBuildFile; fileRef = B0A1B8642BB8AC8F00D7E568 /* BasicAnimation.swift */; };
		B0A1B8672BB8AEDB00D7E568 /* FocusView.swift in Sources */ = {isa = PBXBuildFile; fileRef = B0A1B8662BB8AEDB00D7E568 /* FocusView.swift */; };
		B0A1B8692BB9882F00D7E568 /* Transition.swift in Sources */ = {isa = PBXBuildFile; fileRef = B0A1B8682BB9882F00D7E568 /* Transition.swift */; };
		B0A79EDF2BC9527C00FAD045 /* Result.swift in Sources */ = {isa = PBXBuildFile; fileRef = B0A79EDE2BC9527C00FAD045 /* Result.swift */; };
		B0B7EED72BCCFE08002DDFAF /* CoreDataManager.swift in Sources */ = {isa = PBXBuildFile; fileRef = B0B7EED62BCCFE08002DDFAF /* CoreDataManager.swift */; };
		B0B7EED92BCDA329002DDFAF /* Repository.swift in Sources */ = {isa = PBXBuildFile; fileRef = B0B7EED82BCDA329002DDFAF /* Repository.swift */; };
		B0B7EEDD2BCDAEA0002DDFAF /* DataStorageModel.xcdatamodeld in Sources */ = {isa = PBXBuildFile; fileRef = B0B7EEDB2BCDAEA0002DDFAF /* DataStorageModel.xcdatamodeld */; };
		B0B7EEDF2BCDAF36002DDFAF /* CalculateEntityMapper.swift in Sources */ = {isa = PBXBuildFile; fileRef = B0B7EEDE2BCDAF36002DDFAF /* CalculateEntityMapper.swift */; };
		B0EACC822BC860BB008E1A8D /* ExpressionLabel.swift in Sources */ = {isa = PBXBuildFile; fileRef = B050E2502B9F73DD00D48DFE /* ExpressionLabel.swift */; };
		B0FEF0462B9DC382001C1792 /* HistoryTableView.swift in Sources */ = {isa = PBXBuildFile; fileRef = B0899CFE2B9CA9DB00C12D7C /* HistoryTableView.swift */; };
		B0FEF0472B9DD1A9001C1792 /* HistoryViewController.swift in Sources */ = {isa = PBXBuildFile; fileRef = B059F1D92B878D380079EFFA /* HistoryViewController.swift */; };
		B0FEF0492B9DD38A001C1792 /* HistoryTableViewController.swift in Sources */ = {isa = PBXBuildFile; fileRef = B0FEF0482B9DD38A001C1792 /* HistoryTableViewController.swift */; };
/* End PBXBuildFile section */

/* Begin PBXFileReference section */
		B00257B62B7F7BE100311188 /* SecondNumpad.swift */ = {isa = PBXFileReference; lastKnownFileType = sourcecode.swift; path = SecondNumpad.swift; sourceTree = "<group>"; };
		B00257B82B7FC05C00311188 /* PullButton.swift */ = {isa = PBXFileReference; lastKnownFileType = sourcecode.swift; path = PullButton.swift; sourceTree = "<group>"; };
		B00257BA2B8488CF00311188 /* NumpadController.swift */ = {isa = PBXFileReference; lastKnownFileType = sourcecode.swift; path = NumpadController.swift; sourceTree = "<group>"; };
		B00257BC2B848C7200311188 /* InstantPanGestureRecognizer.swift */ = {isa = PBXFileReference; lastKnownFileType = sourcecode.swift; path = InstantPanGestureRecognizer.swift; sourceTree = "<group>"; };
		B02EC6592B5D8D4E00CE0122 /* SerfodiCalculator.app */ = {isa = PBXFileReference; explicitFileType = wrapper.application; includeInIndex = 0; path = SerfodiCalculator.app; sourceTree = BUILT_PRODUCTS_DIR; };
		B02EC65C2B5D8D4E00CE0122 /* AppDelegate.swift */ = {isa = PBXFileReference; lastKnownFileType = sourcecode.swift; path = AppDelegate.swift; sourceTree = "<group>"; };
		B02EC65E2B5D8D4E00CE0122 /* SceneDelegate.swift */ = {isa = PBXFileReference; lastKnownFileType = sourcecode.swift; path = SceneDelegate.swift; sourceTree = "<group>"; };
		B02EC6602B5D8D4E00CE0122 /* ViewController.swift */ = {isa = PBXFileReference; lastKnownFileType = sourcecode.swift; path = ViewController.swift; sourceTree = "<group>"; };
		B02EC6632B5D8D4E00CE0122 /* Base */ = {isa = PBXFileReference; lastKnownFileType = file.storyboard; name = Base; path = Base.lproj/Main.storyboard; sourceTree = "<group>"; };
		B02EC6652B5D8D5200CE0122 /* Assets.xcassets */ = {isa = PBXFileReference; lastKnownFileType = folder.assetcatalog; path = Assets.xcassets; sourceTree = "<group>"; };
		B02EC6682B5D8D5200CE0122 /* Base */ = {isa = PBXFileReference; lastKnownFileType = file.storyboard; name = Base; path = Base.lproj/LaunchScreen.storyboard; sourceTree = "<group>"; };
		B02EC66A2B5D8D5200CE0122 /* Info.plist */ = {isa = PBXFileReference; lastKnownFileType = text.plist.xml; path = Info.plist; sourceTree = "<group>"; };
		B03037F72BAF1A5800CA1DC6 /* SwitchCellListCell.swift */ = {isa = PBXFileReference; lastKnownFileType = sourcecode.swift; path = SwitchCellListCell.swift; sourceTree = "<group>"; };
		B03037FA2BAF1ED200CA1DC6 /* LabelCellListCell.swift */ = {isa = PBXFileReference; lastKnownFileType = sourcecode.swift; path = LabelCellListCell.swift; sourceTree = "<group>"; };
		B03037FD2BAF3E9A00CA1DC6 /* SettingCollectionView.swift */ = {isa = PBXFileReference; lastKnownFileType = sourcecode.swift; path = SettingCollectionView.swift; sourceTree = "<group>"; };
		B03038002BAF47EB00CA1DC6 /* UINavigationItem + Extension.swift */ = {isa = PBXFileReference; lastKnownFileType = sourcecode.swift; path = "UINavigationItem + Extension.swift"; sourceTree = "<group>"; };
		B0361A922BBDB68200963580 /* FontAppearance.swift */ = {isa = PBXFileReference; lastKnownFileType = sourcecode.swift; path = FontAppearance.swift; sourceTree = "<group>"; };
		B04053F12BADC02B00EB217B /* UIView + Extension.swift */ = {isa = PBXFileReference; lastKnownFileType = sourcecode.swift; path = "UIView + Extension.swift"; sourceTree = "<group>"; };
		B04053F42BADDBC400EB217B /* GeneralSettingViewController.swift */ = {isa = PBXFileReference; lastKnownFileType = sourcecode.swift; path = GeneralSettingViewController.swift; sourceTree = "<group>"; };
		B0430D4D2BBC72440077207D /* MainView.swift */ = {isa = PBXFileReference; lastKnownFileType = sourcecode.swift; path = MainView.swift; sourceTree = "<group>"; };
		B04BFDCB2B736E7200ED7099 /* NumpadButton.swift */ = {isa = PBXFileReference; lastKnownFileType = sourcecode.swift; path = NumpadButton.swift; sourceTree = "<group>"; };
		B04BFDCD2B7373A800ED7099 /* NumpadView.swift */ = {isa = PBXFileReference; lastKnownFileType = sourcecode.swift; path = NumpadView.swift; sourceTree = "<group>"; };
		B04BFDCF2B77EA3F00ED7099 /* NumpadView.xib */ = {isa = PBXFileReference; lastKnownFileType = file.xib; path = NumpadView.xib; sourceTree = "<group>"; };
		B050E2502B9F73DD00D48DFE /* ExpressionLabel.swift */ = {isa = PBXFileReference; lastKnownFileType = sourcecode.swift; path = ExpressionLabel.swift; sourceTree = "<group>"; };
		B050E2522B9F762B00D48DFE /* SettingViewController.swift */ = {isa = PBXFileReference; lastKnownFileType = sourcecode.swift; path = SettingViewController.swift; sourceTree = "<group>"; };
		B059F1D92B878D380079EFFA /* HistoryViewController.swift */ = {isa = PBXFileReference; lastKnownFileType = sourcecode.swift; path = HistoryViewController.swift; sourceTree = "<group>"; };
		B059F1E52B88FD8F0079EFFA /* Array + Extension.swift */ = {isa = PBXFileReference; lastKnownFileType = sourcecode.swift; path = "Array + Extension.swift"; sourceTree = "<group>"; };
		B064E2F52B5EB7AB00E56208 /* CalculationError.swift */ = {isa = PBXFileReference; lastKnownFileType = sourcecode.swift; path = CalculationError.swift; sourceTree = "<group>"; };
		B064E2F72B5EB7D900E56208 /* Calculate.swift */ = {isa = PBXFileReference; lastKnownFileType = sourcecode.swift; path = Calculate.swift; sourceTree = "<group>"; };
		B064E2F92B5ED38800E56208 /* UIButton + Extension.swift */ = {isa = PBXFileReference; lastKnownFileType = sourcecode.swift; path = "UIButton + Extension.swift"; sourceTree = "<group>"; };
		B064E2FB2B5ED4F000E56208 /* UILabel + Extension.swift */ = {isa = PBXFileReference; lastKnownFileType = sourcecode.swift; path = "UILabel + Extension.swift"; sourceTree = "<group>"; };
		B064E3012B6039A600E56208 /* HistoryCell.swift */ = {isa = PBXFileReference; lastKnownFileType = sourcecode.swift; path = HistoryCell.swift; sourceTree = "<group>"; };
		B064E3032B61728000E56208 /* Operation.swift */ = {isa = PBXFileReference; lastKnownFileType = sourcecode.swift; path = Operation.swift; sourceTree = "<group>"; };
		B064E3052B6180FA00E56208 /* BlurGradientEffect.swift */ = {isa = PBXFileReference; lastKnownFileType = sourcecode.swift; path = BlurGradientEffect.swift; sourceTree = "<group>"; };
		B064E30B2B626F4600E56208 /* Storage.swift */ = {isa = PBXFileReference; lastKnownFileType = sourcecode.swift; path = Storage.swift; sourceTree = "<group>"; };
		B064E30E2B62707500E56208 /* CalculationHistoryItem.swift */ = {isa = PBXFileReference; lastKnownFileType = sourcecode.swift; path = CalculationHistoryItem.swift; sourceTree = "<group>"; };
		B064E3122B62B62300E56208 /* Calculation.swift */ = {isa = PBXFileReference; lastKnownFileType = sourcecode.swift; path = Calculation.swift; sourceTree = "<group>"; };
		B064E3162B62B9EE00E56208 /* NumberFormatter + Extension.swift */ = {isa = PBXFileReference; lastKnownFileType = sourcecode.swift; path = "NumberFormatter + Extension.swift"; sourceTree = "<group>"; };
		B064E3182B62BFF400E56208 /* UIWindow + Extension.swift */ = {isa = PBXFileReference; lastKnownFileType = sourcecode.swift; path = "UIWindow + Extension.swift"; sourceTree = "<group>"; };
		B064E31A2B62D8B000E56208 /* DisplayLabel.swift */ = {isa = PBXFileReference; lastKnownFileType = sourcecode.swift; path = DisplayLabel.swift; sourceTree = "<group>"; };
		B064E31F2B6456D800E56208 /* CGSize + Extension.swift */ = {isa = PBXFileReference; lastKnownFileType = sourcecode.swift; path = "CGSize + Extension.swift"; sourceTree = "<group>"; };
		B064E3252B6583AD00E56208 /* DynamicNumberFormatter.swift */ = {isa = PBXFileReference; lastKnownFileType = sourcecode.swift; path = DynamicNumberFormatter.swift; sourceTree = "<group>"; };
		B064E3272B670FC500E56208 /* SF-Pro.ttf */ = {isa = PBXFileReference; lastKnownFileType = file; path = "SF-Pro.ttf"; sourceTree = "<group>"; };
		B064E3292B6713A300E56208 /* SF-Pro-Text-Regular.otf */ = {isa = PBXFileReference; lastKnownFileType = file; path = "SF-Pro-Text-Regular.otf"; sourceTree = "<group>"; };
		B069C2BB2BA08A2200503FEB /* HistoryDataController.swift */ = {isa = PBXFileReference; lastKnownFileType = sourcecode.swift; path = HistoryDataController.swift; sourceTree = "<group>"; };
		B069C2C52BA190FE00503FEB /* ButtonCellContentConfiguration.swift */ = {isa = PBXFileReference; lastKnownFileType = sourcecode.swift; path = ButtonCellContentConfiguration.swift; sourceTree = "<group>"; };
		B069C2D12BA371CE00503FEB /* ButtonCellListCell.swift */ = {isa = PBXFileReference; lastKnownFileType = sourcecode.swift; path = ButtonCellListCell.swift; sourceTree = "<group>"; };
		B069C2D32BA371F700503FEB /* ButtonCellContentView.swift */ = {isa = PBXFileReference; lastKnownFileType = sourcecode.swift; path = ButtonCellContentView.swift; sourceTree = "<group>"; };
		B069C2D52BA4728E00503FEB /* Font.swift */ = {isa = PBXFileReference; lastKnownFileType = sourcecode.swift; path = Font.swift; sourceTree = "<group>"; };
		B069C2D82BA47E3000503FEB /* SettingModel.swift */ = {isa = PBXFileReference; lastKnownFileType = sourcecode.swift; path = SettingModel.swift; sourceTree = "<group>"; };
		B0899CFE2B9CA9DB00C12D7C /* HistoryTableView.swift */ = {isa = PBXFileReference; lastKnownFileType = sourcecode.swift; name = HistoryTableView.swift; path = SerfodiCalculator/MainScreen/HistoryVC/View/HistoryTable/HistoryTableView.swift; sourceTree = SOURCE_ROOT; };
		B09246652BC31A0200DC3799 /* ExpressionCell.swift */ = {isa = PBXFileReference; lastKnownFileType = sourcecode.swift; path = ExpressionCell.swift; sourceTree = "<group>"; };
		B09246682BC440DD00DC3799 /* GenerationLatex.swift */ = {isa = PBXFileReference; lastKnownFileType = sourcecode.swift; path = GenerationLatex.swift; sourceTree = "<group>"; };
		B099E0C12B6AA1F1000670CE /* DynamicCalculate.swift */ = {isa = PBXFileReference; lastKnownFileType = sourcecode.swift; path = DynamicCalculate.swift; sourceTree = "<group>"; };
		B099E0C62B6BF016000670CE /* DataProvider.swift */ = {isa = PBXFileReference; lastKnownFileType = sourcecode.swift; path = DataProvider.swift; sourceTree = "<group>"; };
		B099E0C82B6BF86F000670CE /* HistoryManager.swift */ = {isa = PBXFileReference; lastKnownFileType = sourcecode.swift; path = HistoryManager.swift; sourceTree = "<group>"; };
		B099E0CA2B6C03DA000670CE /* SettingManager.swift */ = {isa = PBXFileReference; lastKnownFileType = sourcecode.swift; path = SettingManager.swift; sourceTree = "<group>"; };
		B0A1B8552BB4321100D7E568 /* WhiteNavigationBar.swift */ = {isa = PBXFileReference; lastKnownFileType = sourcecode.swift; path = WhiteNavigationBar.swift; sourceTree = "<group>"; };
		B0A1B8572BB43DFB00D7E568 /* AnimationController.swift */ = {isa = PBXFileReference; lastKnownFileType = sourcecode.swift; path = AnimationController.swift; sourceTree = "<group>"; };
		B0A1B8592BB460C300D7E568 /* AnimationInteractiveController.swift */ = {isa = PBXFileReference; lastKnownFileType = sourcecode.swift; path = AnimationInteractiveController.swift; sourceTree = "<group>"; };
		B0A1B85E2BB807BD00D7E568 /* SchemeColor.swift */ = {isa = PBXFileReference; lastKnownFileType = sourcecode.swift; path = SchemeColor.swift; sourceTree = "<group>"; };
		B0A1B8602BB883FC00D7E568 /* ColorAppearance.swift */ = {isa = PBXFileReference; lastKnownFileType = sourcecode.swift; path = ColorAppearance.swift; sourceTree = "<group>"; };
		B0A1B8642BB8AC8F00D7E568 /* BasicAnimation.swift */ = {isa = PBXFileReference; lastKnownFileType = sourcecode.swift; path = BasicAnimation.swift; sourceTree = "<group>"; };
		B0A1B8662BB8AEDB00D7E568 /* FocusView.swift */ = {isa = PBXFileReference; lastKnownFileType = sourcecode.swift; path = FocusView.swift; sourceTree = "<group>"; };
		B0A1B8682BB9882F00D7E568 /* Transition.swift */ = {isa = PBXFileReference; lastKnownFileType = sourcecode.swift; path = Transition.swift; sourceTree = "<group>"; };
		B0A79EDE2BC9527C00FAD045 /* Result.swift */ = {isa = PBXFileReference; lastKnownFileType = sourcecode.swift; path = Result.swift; sourceTree = "<group>"; };
		B0B7EED62BCCFE08002DDFAF /* CoreDataManager.swift */ = {isa = PBXFileReference; lastKnownFileType = sourcecode.swift; path = CoreDataManager.swift; sourceTree = "<group>"; };
		B0B7EED82BCDA329002DDFAF /* Repository.swift */ = {isa = PBXFileReference; lastKnownFileType = sourcecode.swift; path = Repository.swift; sourceTree = "<group>"; };
		B0B7EEDC2BCDAEA0002DDFAF /* DataStorageModel.xcdatamodel */ = {isa = PBXFileReference; lastKnownFileType = wrapper.xcdatamodel; path = DataStorageModel.xcdatamodel; sourceTree = "<group>"; };
		B0B7EEDE2BCDAF36002DDFAF /* CalculateEntityMapper.swift */ = {isa = PBXFileReference; lastKnownFileType = sourcecode.swift; path = CalculateEntityMapper.swift; sourceTree = "<group>"; };
		B0FEF0482B9DD38A001C1792 /* HistoryTableViewController.swift */ = {isa = PBXFileReference; lastKnownFileType = sourcecode.swift; path = HistoryTableViewController.swift; sourceTree = "<group>"; };
/* End PBXFileReference section */

/* Begin PBXFrameworksBuildPhase section */
		B02EC6562B5D8D4E00CE0122 /* Frameworks */ = {
			isa = PBXFrameworksBuildPhase;
			buildActionMask = 2147483647;
			files = (
				B09246642BC316BE00DC3799 /* SwiftMath in Frameworks */,
			);
			runOnlyForDeploymentPostprocessing = 0;
		};
/* End PBXFrameworksBuildPhase section */

/* Begin PBXGroup section */
		B00257B42B793F3C00311188 /* NumpadView */ = {
			isa = PBXGroup;
			children = (
				B04BFDCD2B7373A800ED7099 /* NumpadView.swift */,
				B04BFDCF2B77EA3F00ED7099 /* NumpadView.xib */,
			);
			path = NumpadView;
			sourceTree = "<group>";
		};
		B00257B52B795D6900311188 /* Manager */ = {
			isa = PBXGroup;
			children = (
				B099E0CA2B6C03DA000670CE /* SettingManager.swift */,
				B099E0C82B6BF86F000670CE /* HistoryManager.swift */,
				B099E0C62B6BF016000670CE /* DataProvider.swift */,
				B0B7EEDA2BCDACD1002DDFAF /* CoreData */,
			);
			path = Manager;
			sourceTree = "<group>";
		};
		B00257BE2B84BC2000311188 /* Numpad */ = {
			isa = PBXGroup;
			children = (
				B00257BA2B8488CF00311188 /* NumpadController.swift */,
				B00257B42B793F3C00311188 /* NumpadView */,
				B00257B62B7F7BE100311188 /* SecondNumpad.swift */,
				B04BFDCB2B736E7200ED7099 /* NumpadButton.swift */,
				B00257B82B7FC05C00311188 /* PullButton.swift */,
				B00257BC2B848C7200311188 /* InstantPanGestureRecognizer.swift */,
			);
			path = Numpad;
			sourceTree = "<group>";
		};
		B02EC6502B5D8D4E00CE0122 = {
			isa = PBXGroup;
			children = (
				B02EC65B2B5D8D4E00CE0122 /* SerfodiCalculator */,
				B02EC65A2B5D8D4E00CE0122 /* Products */,
			);
			sourceTree = "<group>";
		};
		B02EC65A2B5D8D4E00CE0122 /* Products */ = {
			isa = PBXGroup;
			children = (
				B02EC6592B5D8D4E00CE0122 /* SerfodiCalculator.app */,
			);
			name = Products;
			sourceTree = "<group>";
		};
		B02EC65B2B5D8D4E00CE0122 /* SerfodiCalculator */ = {
			isa = PBXGroup;
			children = (
				B069C2C42BA18FBF00503FEB /* AppDelegate */,
				B064E30D2B626F5200E56208 /* Storage */,
				B069C2DA2BA47EA500503FEB /* Model */,
				B00257B52B795D6900311188 /* Manager */,
				B069C2D72BA47D8B00503FEB /* MainScreen */,
				B069C2C32BA18F9A00503FEB /* SettingControllers */,
				B064E3242B65812200E56208 /* Design */,
				B064E3072B61819500E56208 /* Helpers */,
				B02EC66A2B5D8D5200CE0122 /* Info.plist */,
				B099E0CC2B6C25B2000670CE /* Resources */,
			);
			path = SerfodiCalculator;
			sourceTree = "<group>";
		};
		B03037F92BAF1A6000CA1DC6 /* SwitchCell */ = {
			isa = PBXGroup;
			children = (
				B03037F72BAF1A5800CA1DC6 /* SwitchCellListCell.swift */,
			);
			path = SwitchCell;
			sourceTree = "<group>";
		};
		B03037FC2BAF1EFC00CA1DC6 /* SecondLabelCell */ = {
			isa = PBXGroup;
			children = (
				B03037FA2BAF1ED200CA1DC6 /* LabelCellListCell.swift */,
			);
			path = SecondLabelCell;
			sourceTree = "<group>";
		};
		B03037FF2BAF409300CA1DC6 /* View */ = {
			isa = PBXGroup;
			children = (
				B03037FD2BAF3E9A00CA1DC6 /* SettingCollectionView.swift */,
				B03037FC2BAF1EFC00CA1DC6 /* SecondLabelCell */,
				B03037F92BAF1A6000CA1DC6 /* SwitchCell */,
				B069C2DB2BA480AE00503FEB /* ButtonCell */,
			);
			path = View;
			sourceTree = "<group>";
		};
		B04053F32BADD6B500EB217B /* View */ = {
			isa = PBXGroup;
			children = (
				B09246672BC322FE00DC3799 /* HistoryTable */,
				B050E2502B9F73DD00D48DFE /* ExpressionLabel.swift */,
				B03038002BAF47EB00CA1DC6 /* UINavigationItem + Extension.swift */,
				B0A1B8552BB4321100D7E568 /* WhiteNavigationBar.swift */,
				B0A1B85B2BB5593300D7E568 /* AnimationController */,
			);
			path = View;
			sourceTree = "<group>";
		};
		B064E2FD2B5EE64300E56208 /* Extension */ = {
			isa = PBXGroup;
			children = (
				B0A79EE32BC9715700FAD045 /* UI */,
				B064E3162B62B9EE00E56208 /* NumberFormatter + Extension.swift */,
				B064E31F2B6456D800E56208 /* CGSize + Extension.swift */,
				B059F1E52B88FD8F0079EFFA /* Array + Extension.swift */,
			);
			path = Extension;
			sourceTree = "<group>";
		};
		B064E3002B60283C00E56208 /* CalculateVC */ = {
			isa = PBXGroup;
			children = (
				B02EC6622B5D8D4E00CE0122 /* Main.storyboard */,
				B02EC6602B5D8D4E00CE0122 /* ViewController.swift */,
				B064E3082B6181BC00E56208 /* Calculates */,
				B099E0C52B6AA64C000670CE /* View */,
			);
			path = CalculateVC;
			sourceTree = "<group>";
		};
		B064E3072B61819500E56208 /* Helpers */ = {
			isa = PBXGroup;
			children = (
				B064E2F52B5EB7AB00E56208 /* CalculationError.swift */,
				B0A79EDE2BC9527C00FAD045 /* Result.swift */,
				B064E2FD2B5EE64300E56208 /* Extension */,
			);
			path = Helpers;
			sourceTree = "<group>";
		};
		B064E3082B6181BC00E56208 /* Calculates */ = {
			isa = PBXGroup;
			children = (
				B064E2F72B5EB7D900E56208 /* Calculate.swift */,
				B099E0C12B6AA1F1000670CE /* DynamicCalculate.swift */,
				B064E3032B61728000E56208 /* Operation.swift */,
			);
			path = Calculates;
			sourceTree = "<group>";
		};
		B064E30D2B626F5200E56208 /* Storage */ = {
			isa = PBXGroup;
			children = (
				B064E30B2B626F4600E56208 /* Storage.swift */,
			);
			path = Storage;
			sourceTree = "<group>";
		};
		B064E31E2B6446FB00E56208 /* HistoryVC */ = {
			isa = PBXGroup;
			children = (
				B059F1D92B878D380079EFFA /* HistoryViewController.swift */,
				B0FEF0482B9DD38A001C1792 /* HistoryTableViewController.swift */,
				B09246682BC440DD00DC3799 /* GenerationLatex.swift */,
				B04053F32BADD6B500EB217B /* View */,
			);
			path = HistoryVC;
			sourceTree = "<group>";
		};
		B064E3212B646E4400E56208 /* ModelHistory */ = {
			isa = PBXGroup;
			children = (
				B064E30E2B62707500E56208 /* CalculationHistoryItem.swift */,
				B064E3122B62B62300E56208 /* Calculation.swift */,
			);
			path = ModelHistory;
			sourceTree = "<group>";
		};
		B064E3242B65812200E56208 /* Design */ = {
			isa = PBXGroup;
			children = (
				B069C2D52BA4728E00503FEB /* Font.swift */,
				B0A1B85E2BB807BD00D7E568 /* SchemeColor.swift */,
				B0A1B8602BB883FC00D7E568 /* ColorAppearance.swift */,
				B0361A922BBDB68200963580 /* FontAppearance.swift */,
			);
			path = Design;
			sourceTree = "<group>";
		};
		B064E32B2B67186300E56208 /* Font */ = {
			isa = PBXGroup;
			children = (
				B064E3272B670FC500E56208 /* SF-Pro.ttf */,
				B064E3292B6713A300E56208 /* SF-Pro-Text-Regular.otf */,
			);
			path = Font;
			sourceTree = "<group>";
		};
		B069C2C32BA18F9A00503FEB /* SettingControllers */ = {
			isa = PBXGroup;
			children = (
				B050E2522B9F762B00D48DFE /* SettingViewController.swift */,
				B04053F42BADDBC400EB217B /* GeneralSettingViewController.swift */,
				B069C2BB2BA08A2200503FEB /* HistoryDataController.swift */,
				B03037FF2BAF409300CA1DC6 /* View */,
			);
			path = SettingControllers;
			sourceTree = "<group>";
		};
		B069C2C42BA18FBF00503FEB /* AppDelegate */ = {
			isa = PBXGroup;
			children = (
				B02EC65C2B5D8D4E00CE0122 /* AppDelegate.swift */,
				B02EC65E2B5D8D4E00CE0122 /* SceneDelegate.swift */,
			);
			path = AppDelegate;
			sourceTree = "<group>";
		};
		B069C2D72BA47D8B00503FEB /* MainScreen */ = {
			isa = PBXGroup;
			children = (
				B064E3002B60283C00E56208 /* CalculateVC */,
				B064E31E2B6446FB00E56208 /* HistoryVC */,
			);
			path = MainScreen;
			sourceTree = "<group>";
		};
		B069C2DA2BA47EA500503FEB /* Model */ = {
			isa = PBXGroup;
			children = (
				B064E3212B646E4400E56208 /* ModelHistory */,
				B069C2D82BA47E3000503FEB /* SettingModel.swift */,
			);
			path = Model;
			sourceTree = "<group>";
		};
		B069C2DB2BA480AE00503FEB /* ButtonCell */ = {
			isa = PBXGroup;
			children = (
				B069C2C52BA190FE00503FEB /* ButtonCellContentConfiguration.swift */,
				B069C2D32BA371F700503FEB /* ButtonCellContentView.swift */,
				B069C2D12BA371CE00503FEB /* ButtonCellListCell.swift */,
			);
			path = ButtonCell;
			sourceTree = "<group>";
		};
		B09246672BC322FE00DC3799 /* HistoryTable */ = {
			isa = PBXGroup;
			children = (
				B0899CFE2B9CA9DB00C12D7C /* HistoryTableView.swift */,
				B064E3012B6039A600E56208 /* HistoryCell.swift */,
				B09246652BC31A0200DC3799 /* ExpressionCell.swift */,
			);
			path = HistoryTable;
			sourceTree = "<group>";
		};
		B099E0C52B6AA64C000670CE /* View */ = {
			isa = PBXGroup;
			children = (
				B0430D4D2BBC72440077207D /* MainView.swift */,
				B064E3252B6583AD00E56208 /* DynamicNumberFormatter.swift */,
				B064E31A2B62D8B000E56208 /* DisplayLabel.swift */,
				B0A1B8662BB8AEDB00D7E568 /* FocusView.swift */,
				B064E3052B6180FA00E56208 /* BlurGradientEffect.swift */,
				B0A1B86A2BB98A6A00D7E568 /* Animation */,
				B00257BE2B84BC2000311188 /* Numpad */,
			);
			path = View;
			sourceTree = "<group>";
		};
		B099E0CC2B6C25B2000670CE /* Resources */ = {
			isa = PBXGroup;
			children = (
				B02EC6672B5D8D5200CE0122 /* LaunchScreen.storyboard */,
				B02EC6652B5D8D5200CE0122 /* Assets.xcassets */,
				B064E32B2B67186300E56208 /* Font */,
			);
			path = Resources;
			sourceTree = "<group>";
		};
		B0A1B85B2BB5593300D7E568 /* AnimationController */ = {
			isa = PBXGroup;
			children = (
				B0A1B8572BB43DFB00D7E568 /* AnimationController.swift */,
				B0A1B8592BB460C300D7E568 /* AnimationInteractiveController.swift */,
			);
			path = AnimationController;
			sourceTree = "<group>";
		};
		B0A1B86A2BB98A6A00D7E568 /* Animation */ = {
			isa = PBXGroup;
			children = (
				B0A1B8642BB8AC8F00D7E568 /* BasicAnimation.swift */,
				B0A1B8682BB9882F00D7E568 /* Transition.swift */,
			);
			path = Animation;
			sourceTree = "<group>";
		};
		B0A79EE32BC9715700FAD045 /* UI */ = {
			isa = PBXGroup;
			children = (
				B064E3182B62BFF400E56208 /* UIWindow + Extension.swift */,
				B04053F12BADC02B00EB217B /* UIView + Extension.swift */,
				B064E2F92B5ED38800E56208 /* UIButton + Extension.swift */,
				B064E2FB2B5ED4F000E56208 /* UILabel + Extension.swift */,
			);
			path = UI;
			sourceTree = "<group>";
		};
		B0B7EEDA2BCDACD1002DDFAF /* CoreData */ = {
			isa = PBXGroup;
			children = (
				B0B7EED82BCDA329002DDFAF /* Repository.swift */,
				B0B7EEDB2BCDAEA0002DDFAF /* DataStorageModel.xcdatamodeld */,
				B0B7EED62BCCFE08002DDFAF /* CoreDataManager.swift */,
				B0B7EEDE2BCDAF36002DDFAF /* CalculateEntityMapper.swift */,
			);
			path = CoreData;
			sourceTree = "<group>";
		};
/* End PBXGroup section */

/* Begin PBXNativeTarget section */
		B02EC6582B5D8D4E00CE0122 /* SerfodiCalculator */ = {
			isa = PBXNativeTarget;
			buildConfigurationList = B02EC66D2B5D8D5200CE0122 /* Build configuration list for PBXNativeTarget "SerfodiCalculator" */;
			buildPhases = (
				B02EC6552B5D8D4E00CE0122 /* Sources */,
				B02EC6562B5D8D4E00CE0122 /* Frameworks */,
				B02EC6572B5D8D4E00CE0122 /* Resources */,
			);
			buildRules = (
			);
			dependencies = (
			);
			name = SerfodiCalculator;
			packageProductDependencies = (
				B09246632BC316BE00DC3799 /* SwiftMath */,
			);
			productName = SerfodiCalculator;
			productReference = B02EC6592B5D8D4E00CE0122 /* SerfodiCalculator.app */;
			productType = "com.apple.product-type.application";
		};
/* End PBXNativeTarget section */

/* Begin PBXProject section */
		B02EC6512B5D8D4E00CE0122 /* Project object */ = {
			isa = PBXProject;
			attributes = {
				BuildIndependentTargetsInParallel = 1;
				LastSwiftUpdateCheck = 1430;
				LastUpgradeCheck = 1430;
				TargetAttributes = {
					B02EC6582B5D8D4E00CE0122 = {
						CreatedOnToolsVersion = 14.3.1;
					};
				};
			};
			buildConfigurationList = B02EC6542B5D8D4E00CE0122 /* Build configuration list for PBXProject "SerfodiCalculator" */;
			compatibilityVersion = "Xcode 14.0";
			developmentRegion = en;
			hasScannedForEncodings = 0;
			knownRegions = (
				en,
				Base,
			);
			mainGroup = B02EC6502B5D8D4E00CE0122;
			packageReferences = (
				B09246622BC316BE00DC3799 /* XCRemoteSwiftPackageReference "SwiftMath" */,
			);
			productRefGroup = B02EC65A2B5D8D4E00CE0122 /* Products */;
			projectDirPath = "";
			projectRoot = "";
			targets = (
				B02EC6582B5D8D4E00CE0122 /* SerfodiCalculator */,
			);
		};
/* End PBXProject section */

/* Begin PBXResourcesBuildPhase section */
		B02EC6572B5D8D4E00CE0122 /* Resources */ = {
			isa = PBXResourcesBuildPhase;
			buildActionMask = 2147483647;
			files = (
				B02EC6692B5D8D5200CE0122 /* LaunchScreen.storyboard in Resources */,
				B04BFDD02B77EA3F00ED7099 /* NumpadView.xib in Resources */,
				B064E32A2B6713A300E56208 /* SF-Pro-Text-Regular.otf in Resources */,
				B064E3282B6712C600E56208 /* SF-Pro.ttf in Resources */,
				B02EC6662B5D8D5200CE0122 /* Assets.xcassets in Resources */,
				B02EC6642B5D8D4E00CE0122 /* Main.storyboard in Resources */,
			);
			runOnlyForDeploymentPostprocessing = 0;
		};
/* End PBXResourcesBuildPhase section */

/* Begin PBXSourcesBuildPhase section */
		B02EC6552B5D8D4E00CE0122 /* Sources */ = {
			isa = PBXSourcesBuildPhase;
			buildActionMask = 2147483647;
			files = (
				B064E3042B61728000E56208 /* Operation.swift in Sources */,
				B00257B72B7F7BE100311188 /* SecondNumpad.swift in Sources */,
				B064E30C2B626F4600E56208 /* Storage.swift in Sources */,
				B00257B92B7FC05C00311188 /* PullButton.swift in Sources */,
				B03038012BAF47EB00CA1DC6 /* UINavigationItem + Extension.swift in Sources */,
				B0B7EEDD2BCDAEA0002DDFAF /* DataStorageModel.xcdatamodeld in Sources */,
				B064E2F82B5EB7D900E56208 /* Calculate.swift in Sources */,
				B069C2D22BA371CE00503FEB /* ButtonCellListCell.swift in Sources */,
				B069C2D42BA371F700503FEB /* ButtonCellContentView.swift in Sources */,
				B00257BB2B8488D000311188 /* NumpadController.swift in Sources */,
				B064E3192B62BFF400E56208 /* UIWindow + Extension.swift in Sources */,
				B059F1E62B88FD8F0079EFFA /* Array + Extension.swift in Sources */,
				B0A1B85A2BB460C300D7E568 /* AnimationInteractiveController.swift in Sources */,
				B0A1B8582BB43DFB00D7E568 /* AnimationController.swift in Sources */,
				B09246692BC440DD00DC3799 /* GenerationLatex.swift in Sources */,
				B02EC6612B5D8D4E00CE0122 /* ViewController.swift in Sources */,
				B04BFDCE2B7373A800ED7099 /* NumpadView.swift in Sources */,
				B099E0C92B6BF86F000670CE /* HistoryManager.swift in Sources */,
				B064E3062B6180FA00E56208 /* BlurGradientEffect.swift in Sources */,
				B069C2BC2BA08A2200503FEB /* HistoryDataController.swift in Sources */,
				B099E0CB2B6C03DA000670CE /* SettingManager.swift in Sources */,
				B0FEF0472B9DD1A9001C1792 /* HistoryViewController.swift in Sources */,
				B064E2FC2B5ED4F000E56208 /* UILabel + Extension.swift in Sources */,
				B03037FE2BAF3E9A00CA1DC6 /* SettingCollectionView.swift in Sources */,
				B064E3262B6583AD00E56208 /* DynamicNumberFormatter.swift in Sources */,
				B0A1B8562BB4321100D7E568 /* WhiteNavigationBar.swift in Sources */,
				B069C2D92BA47E3000503FEB /* SettingModel.swift in Sources */,
				B0B7EED72BCCFE08002DDFAF /* CoreDataManager.swift in Sources */,
				B0FEF0492B9DD38A001C1792 /* HistoryTableViewController.swift in Sources */,
				B069C2C62BA190FE00503FEB /* ButtonCellContentConfiguration.swift in Sources */,
				B064E30F2B62707500E56208 /* CalculationHistoryItem.swift in Sources */,
				B0A1B8612BB883FC00D7E568 /* ColorAppearance.swift in Sources */,
				B099E0C22B6AA1F1000670CE /* DynamicCalculate.swift in Sources */,
				B0A1B85F2BB807BD00D7E568 /* SchemeColor.swift in Sources */,
				B03037F82BAF1A5900CA1DC6 /* SwitchCellListCell.swift in Sources */,
				B0361A932BBDB68200963580 /* FontAppearance.swift in Sources */,
				B03037FB2BAF1ED200CA1DC6 /* LabelCellListCell.swift in Sources */,
				B04BFDCC2B736E7200ED7099 /* NumpadButton.swift in Sources */,
				B00257BD2B848C7200311188 /* InstantPanGestureRecognizer.swift in Sources */,
				B064E2FA2B5ED38800E56208 /* UIButton + Extension.swift in Sources */,
				B0A1B8692BB9882F00D7E568 /* Transition.swift in Sources */,
				B0A1B8652BB8AC8F00D7E568 /* BasicAnimation.swift in Sources */,
				B069C2D62BA4728E00503FEB /* Font.swift in Sources */,
				B064E3172B62B9EE00E56208 /* NumberFormatter + Extension.swift in Sources */,
				B0430D4E2BBC72440077207D /* MainView.swift in Sources */,
				B099E0C72B6BF016000670CE /* DataProvider.swift in Sources */,
				B064E3132B62B62300E56208 /* Calculation.swift in Sources */,
				B064E2F62B5EB7AB00E56208 /* CalculationError.swift in Sources */,
				B0B7EEDF2BCDAF36002DDFAF /* CalculateEntityMapper.swift in Sources */,
				B0B7EED92BCDA329002DDFAF /* Repository.swift in Sources */,
				B064E31B2B62D8B000E56208 /* DisplayLabel.swift in Sources */,
				B02EC65D2B5D8D4E00CE0122 /* AppDelegate.swift in Sources */,
				B09246662BC31A0200DC3799 /* ExpressionCell.swift in Sources */,
				B0FEF0462B9DC382001C1792 /* HistoryTableView.swift in Sources */,
				B050E2532B9F762B00D48DFE /* SettingViewController.swift in Sources */,
				B0A79EDF2BC9527C00FAD045 /* Result.swift in Sources */,
				B02EC65F2B5D8D4E00CE0122 /* SceneDelegate.swift in Sources */,
				B04053F22BADC02B00EB217B /* UIView + Extension.swift in Sources */,
				B04053F52BADDBC400EB217B /* GeneralSettingViewController.swift in Sources */,
				B064E3202B6456D800E56208 /* CGSize + Extension.swift in Sources */,
				B0EACC822BC860BB008E1A8D /* ExpressionLabel.swift in Sources */,
				B0A1B8672BB8AEDB00D7E568 /* FocusView.swift in Sources */,
			);
			runOnlyForDeploymentPostprocessing = 0;
		};
/* End PBXSourcesBuildPhase section */

/* Begin PBXVariantGroup section */
		B02EC6622B5D8D4E00CE0122 /* Main.storyboard */ = {
			isa = PBXVariantGroup;
			children = (
				B02EC6632B5D8D4E00CE0122 /* Base */,
			);
			name = Main.storyboard;
			sourceTree = "<group>";
		};
		B02EC6672B5D8D5200CE0122 /* LaunchScreen.storyboard */ = {
			isa = PBXVariantGroup;
			children = (
				B02EC6682B5D8D5200CE0122 /* Base */,
			);
			name = LaunchScreen.storyboard;
			sourceTree = "<group>";
		};
/* End PBXVariantGroup section */

/* Begin XCBuildConfiguration section */
		B02EC66B2B5D8D5200CE0122 /* Debug */ = {
			isa = XCBuildConfiguration;
			buildSettings = {
				ALWAYS_SEARCH_USER_PATHS = NO;
				CLANG_ANALYZER_NONNULL = YES;
				CLANG_ANALYZER_NUMBER_OBJECT_CONVERSION = YES_AGGRESSIVE;
				CLANG_CXX_LANGUAGE_STANDARD = "gnu++20";
				CLANG_ENABLE_MODULES = YES;
				CLANG_ENABLE_OBJC_ARC = YES;
				CLANG_ENABLE_OBJC_WEAK = YES;
				CLANG_WARN_BLOCK_CAPTURE_AUTORELEASING = YES;
				CLANG_WARN_BOOL_CONVERSION = YES;
				CLANG_WARN_COMMA = YES;
				CLANG_WARN_CONSTANT_CONVERSION = YES;
				CLANG_WARN_DEPRECATED_OBJC_IMPLEMENTATIONS = YES;
				CLANG_WARN_DIRECT_OBJC_ISA_USAGE = YES_ERROR;
				CLANG_WARN_DOCUMENTATION_COMMENTS = YES;
				CLANG_WARN_EMPTY_BODY = YES;
				CLANG_WARN_ENUM_CONVERSION = YES;
				CLANG_WARN_INFINITE_RECURSION = YES;
				CLANG_WARN_INT_CONVERSION = YES;
				CLANG_WARN_NON_LITERAL_NULL_CONVERSION = YES;
				CLANG_WARN_OBJC_IMPLICIT_RETAIN_SELF = YES;
				CLANG_WARN_OBJC_LITERAL_CONVERSION = YES;
				CLANG_WARN_OBJC_ROOT_CLASS = YES_ERROR;
				CLANG_WARN_QUOTED_INCLUDE_IN_FRAMEWORK_HEADER = YES;
				CLANG_WARN_RANGE_LOOP_ANALYSIS = YES;
				CLANG_WARN_STRICT_PROTOTYPES = YES;
				CLANG_WARN_SUSPICIOUS_MOVE = YES;
				CLANG_WARN_UNGUARDED_AVAILABILITY = YES_AGGRESSIVE;
				CLANG_WARN_UNREACHABLE_CODE = YES;
				CLANG_WARN__DUPLICATE_METHOD_MATCH = YES;
				COPY_PHASE_STRIP = NO;
				DEBUG_INFORMATION_FORMAT = dwarf;
				ENABLE_STRICT_OBJC_MSGSEND = YES;
				ENABLE_TESTABILITY = YES;
				GCC_C_LANGUAGE_STANDARD = gnu11;
				GCC_DYNAMIC_NO_PIC = NO;
				GCC_NO_COMMON_BLOCKS = YES;
				GCC_OPTIMIZATION_LEVEL = 0;
				GCC_PREPROCESSOR_DEFINITIONS = (
					"DEBUG=1",
					"$(inherited)",
				);
				GCC_WARN_64_TO_32_BIT_CONVERSION = YES;
				GCC_WARN_ABOUT_RETURN_TYPE = YES_ERROR;
				GCC_WARN_UNDECLARED_SELECTOR = YES;
				GCC_WARN_UNINITIALIZED_AUTOS = YES_AGGRESSIVE;
				GCC_WARN_UNUSED_FUNCTION = YES;
				GCC_WARN_UNUSED_VARIABLE = YES;
				IPHONEOS_DEPLOYMENT_TARGET = 16.4;
				MTL_ENABLE_DEBUG_INFO = INCLUDE_SOURCE;
				MTL_FAST_MATH = YES;
				ONLY_ACTIVE_ARCH = YES;
				SDKROOT = iphoneos;
				SWIFT_ACTIVE_COMPILATION_CONDITIONS = DEBUG;
				SWIFT_OPTIMIZATION_LEVEL = "-Onone";
			};
			name = Debug;
		};
		B02EC66C2B5D8D5200CE0122 /* Release */ = {
			isa = XCBuildConfiguration;
			buildSettings = {
				ALWAYS_SEARCH_USER_PATHS = NO;
				CLANG_ANALYZER_NONNULL = YES;
				CLANG_ANALYZER_NUMBER_OBJECT_CONVERSION = YES_AGGRESSIVE;
				CLANG_CXX_LANGUAGE_STANDARD = "gnu++20";
				CLANG_ENABLE_MODULES = YES;
				CLANG_ENABLE_OBJC_ARC = YES;
				CLANG_ENABLE_OBJC_WEAK = YES;
				CLANG_WARN_BLOCK_CAPTURE_AUTORELEASING = YES;
				CLANG_WARN_BOOL_CONVERSION = YES;
				CLANG_WARN_COMMA = YES;
				CLANG_WARN_CONSTANT_CONVERSION = YES;
				CLANG_WARN_DEPRECATED_OBJC_IMPLEMENTATIONS = YES;
				CLANG_WARN_DIRECT_OBJC_ISA_USAGE = YES_ERROR;
				CLANG_WARN_DOCUMENTATION_COMMENTS = YES;
				CLANG_WARN_EMPTY_BODY = YES;
				CLANG_WARN_ENUM_CONVERSION = YES;
				CLANG_WARN_INFINITE_RECURSION = YES;
				CLANG_WARN_INT_CONVERSION = YES;
				CLANG_WARN_NON_LITERAL_NULL_CONVERSION = YES;
				CLANG_WARN_OBJC_IMPLICIT_RETAIN_SELF = YES;
				CLANG_WARN_OBJC_LITERAL_CONVERSION = YES;
				CLANG_WARN_OBJC_ROOT_CLASS = YES_ERROR;
				CLANG_WARN_QUOTED_INCLUDE_IN_FRAMEWORK_HEADER = YES;
				CLANG_WARN_RANGE_LOOP_ANALYSIS = YES;
				CLANG_WARN_STRICT_PROTOTYPES = YES;
				CLANG_WARN_SUSPICIOUS_MOVE = YES;
				CLANG_WARN_UNGUARDED_AVAILABILITY = YES_AGGRESSIVE;
				CLANG_WARN_UNREACHABLE_CODE = YES;
				CLANG_WARN__DUPLICATE_METHOD_MATCH = YES;
				COPY_PHASE_STRIP = NO;
				DEBUG_INFORMATION_FORMAT = "dwarf-with-dsym";
				ENABLE_NS_ASSERTIONS = NO;
				ENABLE_STRICT_OBJC_MSGSEND = YES;
				GCC_C_LANGUAGE_STANDARD = gnu11;
				GCC_NO_COMMON_BLOCKS = YES;
				GCC_WARN_64_TO_32_BIT_CONVERSION = YES;
				GCC_WARN_ABOUT_RETURN_TYPE = YES_ERROR;
				GCC_WARN_UNDECLARED_SELECTOR = YES;
				GCC_WARN_UNINITIALIZED_AUTOS = YES_AGGRESSIVE;
				GCC_WARN_UNUSED_FUNCTION = YES;
				GCC_WARN_UNUSED_VARIABLE = YES;
				IPHONEOS_DEPLOYMENT_TARGET = 16.4;
				MTL_ENABLE_DEBUG_INFO = NO;
				MTL_FAST_MATH = YES;
				SDKROOT = iphoneos;
				SWIFT_COMPILATION_MODE = wholemodule;
				SWIFT_OPTIMIZATION_LEVEL = "-O";
				VALIDATE_PRODUCT = YES;
			};
			name = Release;
		};
		B02EC66E2B5D8D5200CE0122 /* Debug */ = {
			isa = XCBuildConfiguration;
			buildSettings = {
				ASSETCATALOG_COMPILER_APPICON_NAME = AppIcon;
				ASSETCATALOG_COMPILER_GLOBAL_ACCENT_COLOR_NAME = AccentColor;
				CODE_SIGN_STYLE = Automatic;
				CURRENT_PROJECT_VERSION = 1;
				DEVELOPMENT_TEAM = VJ7AN5PN54;
				GENERATE_INFOPLIST_FILE = YES;
				INFOPLIST_FILE = SerfodiCalculator/Info.plist;
				INFOPLIST_KEY_CFBundleDisplayName = SCalculator;
				INFOPLIST_KEY_LSApplicationCategoryType = "public.app-category.education";
				INFOPLIST_KEY_UIApplicationSupportsIndirectInputEvents = YES;
				INFOPLIST_KEY_UILaunchStoryboardName = LaunchScreen;
				INFOPLIST_KEY_UIMainStoryboardFile = Main;
				INFOPLIST_KEY_UIStatusBarStyle = UIStatusBarStyleLightContent;
				INFOPLIST_KEY_UISupportedInterfaceOrientations = UIInterfaceOrientationPortrait;
				IPHONEOS_DEPLOYMENT_TARGET = 14.0;
				LD_RUNPATH_SEARCH_PATHS = (
					"$(inherited)",
					"@executable_path/Frameworks",
				);
				MARKETING_VERSION = 1.0;
				PRODUCT_BUNDLE_IDENTIFIER = Serfodi.SerfodiCalculator;
				PRODUCT_NAME = "$(TARGET_NAME)";
				SWIFT_EMIT_LOC_STRINGS = YES;
				SWIFT_VERSION = 5.0;
				TARGETED_DEVICE_FAMILY = "1,2";
			};
			name = Debug;
		};
		B02EC66F2B5D8D5200CE0122 /* Release */ = {
			isa = XCBuildConfiguration;
			buildSettings = {
				ASSETCATALOG_COMPILER_APPICON_NAME = AppIcon;
				ASSETCATALOG_COMPILER_GLOBAL_ACCENT_COLOR_NAME = AccentColor;
				CODE_SIGN_STYLE = Automatic;
				CURRENT_PROJECT_VERSION = 1;
				DEVELOPMENT_TEAM = VJ7AN5PN54;
				GENERATE_INFOPLIST_FILE = YES;
				INFOPLIST_FILE = SerfodiCalculator/Info.plist;
				INFOPLIST_KEY_CFBundleDisplayName = SCalculator;
				INFOPLIST_KEY_LSApplicationCategoryType = "public.app-category.education";
				INFOPLIST_KEY_UIApplicationSupportsIndirectInputEvents = YES;
				INFOPLIST_KEY_UILaunchStoryboardName = LaunchScreen;
				INFOPLIST_KEY_UIMainStoryboardFile = Main;
				INFOPLIST_KEY_UIStatusBarStyle = UIStatusBarStyleLightContent;
				INFOPLIST_KEY_UISupportedInterfaceOrientations = UIInterfaceOrientationPortrait;
				IPHONEOS_DEPLOYMENT_TARGET = 14.0;
				LD_RUNPATH_SEARCH_PATHS = (
					"$(inherited)",
					"@executable_path/Frameworks",
				);
				MARKETING_VERSION = 1.0;
				PRODUCT_BUNDLE_IDENTIFIER = Serfodi.SerfodiCalculator;
				PRODUCT_NAME = "$(TARGET_NAME)";
				SWIFT_EMIT_LOC_STRINGS = YES;
				SWIFT_VERSION = 5.0;
				TARGETED_DEVICE_FAMILY = "1,2";
			};
			name = Release;
		};
/* End XCBuildConfiguration section */

/* Begin XCConfigurationList section */
		B02EC6542B5D8D4E00CE0122 /* Build configuration list for PBXProject "SerfodiCalculator" */ = {
			isa = XCConfigurationList;
			buildConfigurations = (
				B02EC66B2B5D8D5200CE0122 /* Debug */,
				B02EC66C2B5D8D5200CE0122 /* Release */,
			);
			defaultConfigurationIsVisible = 0;
			defaultConfigurationName = Release;
		};
		B02EC66D2B5D8D5200CE0122 /* Build configuration list for PBXNativeTarget "SerfodiCalculator" */ = {
			isa = XCConfigurationList;
			buildConfigurations = (
				B02EC66E2B5D8D5200CE0122 /* Debug */,
				B02EC66F2B5D8D5200CE0122 /* Release */,
			);
			defaultConfigurationIsVisible = 0;
			defaultConfigurationName = Release;
		};
/* End XCConfigurationList section */

/* Begin XCRemoteSwiftPackageReference section */
		B09246622BC316BE00DC3799 /* XCRemoteSwiftPackageReference "SwiftMath" */ = {
			isa = XCRemoteSwiftPackageReference;
			repositoryURL = "https://github.com/mgriebling/SwiftMath";
			requirement = {
				kind = upToNextMajorVersion;
				minimumVersion = 1.0.0;
			};
		};
/* End XCRemoteSwiftPackageReference section */

/* Begin XCSwiftPackageProductDependency section */
		B09246632BC316BE00DC3799 /* SwiftMath */ = {
			isa = XCSwiftPackageProductDependency;
			package = B09246622BC316BE00DC3799 /* XCRemoteSwiftPackageReference "SwiftMath" */;
			productName = SwiftMath;
		};
/* End XCSwiftPackageProductDependency section */

/* Begin XCVersionGroup section */
		B0B7EEDB2BCDAEA0002DDFAF /* DataStorageModel.xcdatamodeld */ = {
			isa = XCVersionGroup;
			children = (
				B0B7EEDC2BCDAEA0002DDFAF /* DataStorageModel.xcdatamodel */,
			);
			currentVersion = B0B7EEDC2BCDAEA0002DDFAF /* DataStorageModel.xcdatamodel */;
			path = DataStorageModel.xcdatamodeld;
			sourceTree = "<group>";
			versionGroupType = wrapper.xcdatamodel;
		};
/* End XCVersionGroup section */
	};
	rootObject = B02EC6512B5D8D4E00CE0122 /* Project object */;
}
