// !$*UTF8*$!
{
	archiveVersion = 1;
	classes = {
	};
	objectVersion = 56;
	objects = {

/* Begin PBXBuildFile section */
		B02EC65D2B5D8D4E00CE0122 /* AppDelegate.swift in Sources */ = {isa = PBXBuildFile; fileRef = B02EC65C2B5D8D4E00CE0122 /* AppDelegate.swift */; };
		B02EC65F2B5D8D4E00CE0122 /* SceneDelegate.swift in Sources */ = {isa = PBXBuildFile; fileRef = B02EC65E2B5D8D4E00CE0122 /* SceneDelegate.swift */; };
		B02EC6612B5D8D4E00CE0122 /* ViewController.swift in Sources */ = {isa = PBXBuildFile; fileRef = B02EC6602B5D8D4E00CE0122 /* ViewController.swift */; };
		B02EC6642B5D8D4E00CE0122 /* Main.storyboard in Resources */ = {isa = PBXBuildFile; fileRef = B02EC6622B5D8D4E00CE0122 /* Main.storyboard */; };
		B02EC6662B5D8D5200CE0122 /* Assets.xcassets in Resources */ = {isa = PBXBuildFile; fileRef = B02EC6652B5D8D5200CE0122 /* Assets.xcassets */; };
		B02EC6692B5D8D5200CE0122 /* LaunchScreen.storyboard in Resources */ = {isa = PBXBuildFile; fileRef = B02EC6672B5D8D5200CE0122 /* LaunchScreen.storyboard */; };
		B064E2F42B5E9DD800E56208 /* UIColor + Extension.swift in Sources */ = {isa = PBXBuildFile; fileRef = B064E2F32B5E9DD800E56208 /* UIColor + Extension.swift */; };
		B064E2F62B5EB7AB00E56208 /* CalculationError.swift in Sources */ = {isa = PBXBuildFile; fileRef = B064E2F52B5EB7AB00E56208 /* CalculationError.swift */; };
		B064E2F82B5EB7D900E56208 /* Calculate.swift in Sources */ = {isa = PBXBuildFile; fileRef = B064E2F72B5EB7D900E56208 /* Calculate.swift */; };
		B064E2FA2B5ED38800E56208 /* UIButton + Extension.swift in Sources */ = {isa = PBXBuildFile; fileRef = B064E2F92B5ED38800E56208 /* UIButton + Extension.swift */; };
		B064E2FC2B5ED4F000E56208 /* UILabel + Extension.swift in Sources */ = {isa = PBXBuildFile; fileRef = B064E2FB2B5ED4F000E56208 /* UILabel + Extension.swift */; };
		B064E2FF2B60280500E56208 /* CalculateHistoryVC.swift in Sources */ = {isa = PBXBuildFile; fileRef = B064E2FE2B60280500E56208 /* CalculateHistoryVC.swift */; };
		B064E3022B6039A600E56208 /* HistoryCell.swift in Sources */ = {isa = PBXBuildFile; fileRef = B064E3012B6039A600E56208 /* HistoryCell.swift */; };
		B064E3042B61728000E56208 /* Operation.swift in Sources */ = {isa = PBXBuildFile; fileRef = B064E3032B61728000E56208 /* Operation.swift */; };
		B064E3062B6180FA00E56208 /* BlurGradientEffect.swift in Sources */ = {isa = PBXBuildFile; fileRef = B064E3052B6180FA00E56208 /* BlurGradientEffect.swift */; };
		B064E30A2B61822400E56208 /* UITableView + Extension.swift in Sources */ = {isa = PBXBuildFile; fileRef = B064E3092B61822400E56208 /* UITableView + Extension.swift */; };
		B064E30C2B626F4600E56208 /* Storage.swift in Sources */ = {isa = PBXBuildFile; fileRef = B064E30B2B626F4600E56208 /* Storage.swift */; };
		B064E30F2B62707500E56208 /* CalculationHistoryItem.swift in Sources */ = {isa = PBXBuildFile; fileRef = B064E30E2B62707500E56208 /* CalculationHistoryItem.swift */; };
		B064E3132B62B62300E56208 /* Calculation.swift in Sources */ = {isa = PBXBuildFile; fileRef = B064E3122B62B62300E56208 /* Calculation.swift */; };
		B064E3172B62B9EE00E56208 /* NumberFormatter + Extension.swift in Sources */ = {isa = PBXBuildFile; fileRef = B064E3162B62B9EE00E56208 /* NumberFormatter + Extension.swift */; };
		B064E3192B62BFF400E56208 /* UIWindow + Extension.swift in Sources */ = {isa = PBXBuildFile; fileRef = B064E3182B62BFF400E56208 /* UIWindow + Extension.swift */; };
		B064E31B2B62D8B000E56208 /* DisplayLabel.swift in Sources */ = {isa = PBXBuildFile; fileRef = B064E31A2B62D8B000E56208 /* DisplayLabel.swift */; };
		B064E3202B6456D800E56208 /* CGSize + Extension.swift in Sources */ = {isa = PBXBuildFile; fileRef = B064E31F2B6456D800E56208 /* CGSize + Extension.swift */; };
		B064E3232B65807E00E56208 /* UIFount + Extension.swift in Sources */ = {isa = PBXBuildFile; fileRef = B064E3222B65807D00E56208 /* UIFount + Extension.swift */; };
		B064E3262B6583AD00E56208 /* DynamicNumberFormatter.swift in Sources */ = {isa = PBXBuildFile; fileRef = B064E3252B6583AD00E56208 /* DynamicNumberFormatter.swift */; };
/* End PBXBuildFile section */

/* Begin PBXFileReference section */
		B02EC6592B5D8D4E00CE0122 /* SerfodiCalculator.app */ = {isa = PBXFileReference; explicitFileType = wrapper.application; includeInIndex = 0; path = SerfodiCalculator.app; sourceTree = BUILT_PRODUCTS_DIR; };
		B02EC65C2B5D8D4E00CE0122 /* AppDelegate.swift */ = {isa = PBXFileReference; lastKnownFileType = sourcecode.swift; path = AppDelegate.swift; sourceTree = "<group>"; };
		B02EC65E2B5D8D4E00CE0122 /* SceneDelegate.swift */ = {isa = PBXFileReference; lastKnownFileType = sourcecode.swift; path = SceneDelegate.swift; sourceTree = "<group>"; };
		B02EC6602B5D8D4E00CE0122 /* ViewController.swift */ = {isa = PBXFileReference; lastKnownFileType = sourcecode.swift; path = ViewController.swift; sourceTree = "<group>"; };
		B02EC6632B5D8D4E00CE0122 /* Base */ = {isa = PBXFileReference; lastKnownFileType = file.storyboard; name = Base; path = Base.lproj/Main.storyboard; sourceTree = "<group>"; };
		B02EC6652B5D8D5200CE0122 /* Assets.xcassets */ = {isa = PBXFileReference; lastKnownFileType = folder.assetcatalog; path = Assets.xcassets; sourceTree = "<group>"; };
		B02EC6682B5D8D5200CE0122 /* Base */ = {isa = PBXFileReference; lastKnownFileType = file.storyboard; name = Base; path = Base.lproj/LaunchScreen.storyboard; sourceTree = "<group>"; };
		B02EC66A2B5D8D5200CE0122 /* Info.plist */ = {isa = PBXFileReference; lastKnownFileType = text.plist.xml; path = Info.plist; sourceTree = "<group>"; };
		B064E2F32B5E9DD800E56208 /* UIColor + Extension.swift */ = {isa = PBXFileReference; fileEncoding = 4; lastKnownFileType = sourcecode.swift; path = "UIColor + Extension.swift"; sourceTree = "<group>"; };
		B064E2F52B5EB7AB00E56208 /* CalculationError.swift */ = {isa = PBXFileReference; lastKnownFileType = sourcecode.swift; path = CalculationError.swift; sourceTree = "<group>"; };
		B064E2F72B5EB7D900E56208 /* Calculate.swift */ = {isa = PBXFileReference; lastKnownFileType = sourcecode.swift; path = Calculate.swift; sourceTree = "<group>"; };
		B064E2F92B5ED38800E56208 /* UIButton + Extension.swift */ = {isa = PBXFileReference; lastKnownFileType = sourcecode.swift; path = "UIButton + Extension.swift"; sourceTree = "<group>"; };
		B064E2FB2B5ED4F000E56208 /* UILabel + Extension.swift */ = {isa = PBXFileReference; lastKnownFileType = sourcecode.swift; path = "UILabel + Extension.swift"; sourceTree = "<group>"; };
		B064E2FE2B60280500E56208 /* CalculateHistoryVC.swift */ = {isa = PBXFileReference; lastKnownFileType = sourcecode.swift; path = CalculateHistoryVC.swift; sourceTree = "<group>"; };
		B064E3012B6039A600E56208 /* HistoryCell.swift */ = {isa = PBXFileReference; lastKnownFileType = sourcecode.swift; path = HistoryCell.swift; sourceTree = "<group>"; };
		B064E3032B61728000E56208 /* Operation.swift */ = {isa = PBXFileReference; lastKnownFileType = sourcecode.swift; path = Operation.swift; sourceTree = "<group>"; };
		B064E3052B6180FA00E56208 /* BlurGradientEffect.swift */ = {isa = PBXFileReference; lastKnownFileType = sourcecode.swift; path = BlurGradientEffect.swift; sourceTree = "<group>"; };
		B064E3092B61822400E56208 /* UITableView + Extension.swift */ = {isa = PBXFileReference; lastKnownFileType = sourcecode.swift; path = "UITableView + Extension.swift"; sourceTree = "<group>"; };
		B064E30B2B626F4600E56208 /* Storage.swift */ = {isa = PBXFileReference; lastKnownFileType = sourcecode.swift; path = Storage.swift; sourceTree = "<group>"; };
		B064E30E2B62707500E56208 /* CalculationHistoryItem.swift */ = {isa = PBXFileReference; lastKnownFileType = sourcecode.swift; path = CalculationHistoryItem.swift; sourceTree = "<group>"; };
		B064E3122B62B62300E56208 /* Calculation.swift */ = {isa = PBXFileReference; lastKnownFileType = sourcecode.swift; path = Calculation.swift; sourceTree = "<group>"; };
		B064E3162B62B9EE00E56208 /* NumberFormatter + Extension.swift */ = {isa = PBXFileReference; lastKnownFileType = sourcecode.swift; path = "NumberFormatter + Extension.swift"; sourceTree = "<group>"; };
		B064E3182B62BFF400E56208 /* UIWindow + Extension.swift */ = {isa = PBXFileReference; lastKnownFileType = sourcecode.swift; path = "UIWindow + Extension.swift"; sourceTree = "<group>"; };
		B064E31A2B62D8B000E56208 /* DisplayLabel.swift */ = {isa = PBXFileReference; lastKnownFileType = sourcecode.swift; path = DisplayLabel.swift; sourceTree = "<group>"; };
		B064E31F2B6456D800E56208 /* CGSize + Extension.swift */ = {isa = PBXFileReference; lastKnownFileType = sourcecode.swift; path = "CGSize + Extension.swift"; sourceTree = "<group>"; };
		B064E3222B65807D00E56208 /* UIFount + Extension.swift */ = {isa = PBXFileReference; lastKnownFileType = sourcecode.swift; path = "UIFount + Extension.swift"; sourceTree = "<group>"; };
		B064E3252B6583AD00E56208 /* DynamicNumberFormatter.swift */ = {isa = PBXFileReference; lastKnownFileType = sourcecode.swift; path = DynamicNumberFormatter.swift; sourceTree = "<group>"; };
/* End PBXFileReference section */

/* Begin PBXFrameworksBuildPhase section */
		B02EC6562B5D8D4E00CE0122 /* Frameworks */ = {
			isa = PBXFrameworksBuildPhase;
			buildActionMask = 2147483647;
			files = (
			);
			runOnlyForDeploymentPostprocessing = 0;
		};
/* End PBXFrameworksBuildPhase section */

/* Begin PBXGroup section */
		B02EC6502B5D8D4E00CE0122 = {
			isa = PBXGroup;
			children = (
				B02EC65B2B5D8D4E00CE0122 /* SerfodiCalculator */,
				B02EC65A2B5D8D4E00CE0122 /* Products */,
			);
			sourceTree = "<group>";
		};
		B02EC65A2B5D8D4E00CE0122 /* Products */ = {
			isa = PBXGroup;
			children = (
				B02EC6592B5D8D4E00CE0122 /* SerfodiCalculator.app */,
			);
			name = Products;
			sourceTree = "<group>";
		};
		B02EC65B2B5D8D4E00CE0122 /* SerfodiCalculator */ = {
			isa = PBXGroup;
			children = (
				B02EC65C2B5D8D4E00CE0122 /* AppDelegate.swift */,
				B02EC65E2B5D8D4E00CE0122 /* SceneDelegate.swift */,
				B02EC6622B5D8D4E00CE0122 /* Main.storyboard */,
				B064E30D2B626F5200E56208 /* Storage */,
				B064E3002B60283C00E56208 /* CalculateVC */,
				B064E31E2B6446FB00E56208 /* HistoryVC */,
				B064E3072B61819500E56208 /* Helpers */,
				B02EC6652B5D8D5200CE0122 /* Assets.xcassets */,
				B02EC6672B5D8D5200CE0122 /* LaunchScreen.storyboard */,
				B02EC66A2B5D8D5200CE0122 /* Info.plist */,
			);
			path = SerfodiCalculator;
			sourceTree = "<group>";
		};
		B064E2FD2B5EE64300E56208 /* Extension */ = {
			isa = PBXGroup;
			children = (
				B064E3182B62BFF400E56208 /* UIWindow + Extension.swift */,
				B064E3162B62B9EE00E56208 /* NumberFormatter + Extension.swift */,
				B064E2F92B5ED38800E56208 /* UIButton + Extension.swift */,
				B064E2FB2B5ED4F000E56208 /* UILabel + Extension.swift */,
				B064E3092B61822400E56208 /* UITableView + Extension.swift */,
				B064E31F2B6456D800E56208 /* CGSize + Extension.swift */,
				B064E3242B65812200E56208 /* Design */,
			);
			path = Extension;
			sourceTree = "<group>";
		};
		B064E3002B60283C00E56208 /* CalculateVC */ = {
			isa = PBXGroup;
			children = (
				B064E3212B646E4400E56208 /* Model */,
				B02EC6602B5D8D4E00CE0122 /* ViewController.swift */,
				B064E3082B6181BC00E56208 /* Calculates */,
				B064E31A2B62D8B000E56208 /* DisplayLabel.swift */,
				B064E3012B6039A600E56208 /* HistoryCell.swift */,
			);
			path = CalculateVC;
			sourceTree = "<group>";
		};
		B064E3072B61819500E56208 /* Helpers */ = {
			isa = PBXGroup;
			children = (
				B064E3252B6583AD00E56208 /* DynamicNumberFormatter.swift */,
				B064E3052B6180FA00E56208 /* BlurGradientEffect.swift */,
				B064E2F52B5EB7AB00E56208 /* CalculationError.swift */,
				B064E2FD2B5EE64300E56208 /* Extension */,
			);
			path = Helpers;
			sourceTree = "<group>";
		};
		B064E3082B6181BC00E56208 /* Calculates */ = {
			isa = PBXGroup;
			children = (
				B064E2F72B5EB7D900E56208 /* Calculate.swift */,
				B064E3032B61728000E56208 /* Operation.swift */,
			);
			path = Calculates;
			sourceTree = "<group>";
		};
		B064E30D2B626F5200E56208 /* Storage */ = {
			isa = PBXGroup;
			children = (
				B064E30B2B626F4600E56208 /* Storage.swift */,
			);
			path = Storage;
			sourceTree = "<group>";
		};
		B064E31E2B6446FB00E56208 /* HistoryVC */ = {
			isa = PBXGroup;
			children = (
				B064E2FE2B60280500E56208 /* CalculateHistoryVC.swift */,
			);
			path = HistoryVC;
			sourceTree = "<group>";
		};
		B064E3212B646E4400E56208 /* Model */ = {
			isa = PBXGroup;
			children = (
				B064E30E2B62707500E56208 /* CalculationHistoryItem.swift */,
				B064E3122B62B62300E56208 /* Calculation.swift */,
			);
			path = Model;
			sourceTree = "<group>";
		};
		B064E3242B65812200E56208 /* Design */ = {
			isa = PBXGroup;
			children = (
				B064E2F32B5E9DD800E56208 /* UIColor + Extension.swift */,
				B064E3222B65807D00E56208 /* UIFount + Extension.swift */,
			);
			path = Design;
			sourceTree = "<group>";
		};
/* End PBXGroup section */

/* Begin PBXNativeTarget section */
		B02EC6582B5D8D4E00CE0122 /* SerfodiCalculator */ = {
			isa = PBXNativeTarget;
			buildConfigurationList = B02EC66D2B5D8D5200CE0122 /* Build configuration list for PBXNativeTarget "SerfodiCalculator" */;
			buildPhases = (
				B02EC6552B5D8D4E00CE0122 /* Sources */,
				B02EC6562B5D8D4E00CE0122 /* Frameworks */,
				B02EC6572B5D8D4E00CE0122 /* Resources */,
			);
			buildRules = (
			);
			dependencies = (
			);
			name = SerfodiCalculator;
			productName = SerfodiCalculator;
			productReference = B02EC6592B5D8D4E00CE0122 /* SerfodiCalculator.app */;
			productType = "com.apple.product-type.application";
		};
/* End PBXNativeTarget section */

/* Begin PBXProject section */
		B02EC6512B5D8D4E00CE0122 /* Project object */ = {
			isa = PBXProject;
			attributes = {
				BuildIndependentTargetsInParallel = 1;
				LastSwiftUpdateCheck = 1430;
				LastUpgradeCheck = 1430;
				TargetAttributes = {
					B02EC6582B5D8D4E00CE0122 = {
						CreatedOnToolsVersion = 14.3.1;
					};
				};
			};
			buildConfigurationList = B02EC6542B5D8D4E00CE0122 /* Build configuration list for PBXProject "SerfodiCalculator" */;
			compatibilityVersion = "Xcode 14.0";
			developmentRegion = en;
			hasScannedForEncodings = 0;
			knownRegions = (
				en,
				Base,
			);
			mainGroup = B02EC6502B5D8D4E00CE0122;
			productRefGroup = B02EC65A2B5D8D4E00CE0122 /* Products */;
			projectDirPath = "";
			projectRoot = "";
			targets = (
				B02EC6582B5D8D4E00CE0122 /* SerfodiCalculator */,
			);
		};
/* End PBXProject section */

/* Begin PBXResourcesBuildPhase section */
		B02EC6572B5D8D4E00CE0122 /* Resources */ = {
			isa = PBXResourcesBuildPhase;
			buildActionMask = 2147483647;
			files = (
				B02EC6692B5D8D5200CE0122 /* LaunchScreen.storyboard in Resources */,
				B02EC6662B5D8D5200CE0122 /* Assets.xcassets in Resources */,
				B02EC6642B5D8D4E00CE0122 /* Main.storyboard in Resources */,
			);
			runOnlyForDeploymentPostprocessing = 0;
		};
/* End PBXResourcesBuildPhase section */

/* Begin PBXSourcesBuildPhase section */
		B02EC6552B5D8D4E00CE0122 /* Sources */ = {
			isa = PBXSourcesBuildPhase;
			buildActionMask = 2147483647;
			files = (
				B064E3042B61728000E56208 /* Operation.swift in Sources */,
				B064E30C2B626F4600E56208 /* Storage.swift in Sources */,
				B064E2F82B5EB7D900E56208 /* Calculate.swift in Sources */,
				B064E3192B62BFF400E56208 /* UIWindow + Extension.swift in Sources */,
				B02EC6612B5D8D4E00CE0122 /* ViewController.swift in Sources */,
				B064E3062B6180FA00E56208 /* BlurGradientEffect.swift in Sources */,
				B064E2FC2B5ED4F000E56208 /* UILabel + Extension.swift in Sources */,
				B064E3262B6583AD00E56208 /* DynamicNumberFormatter.swift in Sources */,
				B064E30A2B61822400E56208 /* UITableView + Extension.swift in Sources */,
				B064E2FF2B60280500E56208 /* CalculateHistoryVC.swift in Sources */,
				B064E30F2B62707500E56208 /* CalculationHistoryItem.swift in Sources */,
				B064E3232B65807E00E56208 /* UIFount + Extension.swift in Sources */,
				B064E2F42B5E9DD800E56208 /* UIColor + Extension.swift in Sources */,
				B064E2FA2B5ED38800E56208 /* UIButton + Extension.swift in Sources */,
				B064E3172B62B9EE00E56208 /* NumberFormatter + Extension.swift in Sources */,
				B064E3132B62B62300E56208 /* Calculation.swift in Sources */,
				B064E2F62B5EB7AB00E56208 /* CalculationError.swift in Sources */,
				B064E31B2B62D8B000E56208 /* DisplayLabel.swift in Sources */,
				B02EC65D2B5D8D4E00CE0122 /* AppDelegate.swift in Sources */,
				B064E3022B6039A600E56208 /* HistoryCell.swift in Sources */,
				B02EC65F2B5D8D4E00CE0122 /* SceneDelegate.swift in Sources */,
				B064E3202B6456D800E56208 /* CGSize + Extension.swift in Sources */,
			);
			runOnlyForDeploymentPostprocessing = 0;
		};
/* End PBXSourcesBuildPhase section */

/* Begin PBXVariantGroup section */
		B02EC6622B5D8D4E00CE0122 /* Main.storyboard */ = {
			isa = PBXVariantGroup;
			children = (
				B02EC6632B5D8D4E00CE0122 /* Base */,
			);
			name = Main.storyboard;
			sourceTree = "<group>";
		};
		B02EC6672B5D8D5200CE0122 /* LaunchScreen.storyboard */ = {
			isa = PBXVariantGroup;
			children = (
				B02EC6682B5D8D5200CE0122 /* Base */,
			);
			name = LaunchScreen.storyboard;
			sourceTree = "<group>";
		};
/* End PBXVariantGroup section */

/* Begin XCBuildConfiguration section */
		B02EC66B2B5D8D5200CE0122 /* Debug */ = {
			isa = XCBuildConfiguration;
			buildSettings = {
				ALWAYS_SEARCH_USER_PATHS = NO;
				CLANG_ANALYZER_NONNULL = YES;
				CLANG_ANALYZER_NUMBER_OBJECT_CONVERSION = YES_AGGRESSIVE;
				CLANG_CXX_LANGUAGE_STANDARD = "gnu++20";
				CLANG_ENABLE_MODULES = YES;
				CLANG_ENABLE_OBJC_ARC = YES;
				CLANG_ENABLE_OBJC_WEAK = YES;
				CLANG_WARN_BLOCK_CAPTURE_AUTORELEASING = YES;
				CLANG_WARN_BOOL_CONVERSION = YES;
				CLANG_WARN_COMMA = YES;
				CLANG_WARN_CONSTANT_CONVERSION = YES;
				CLANG_WARN_DEPRECATED_OBJC_IMPLEMENTATIONS = YES;
				CLANG_WARN_DIRECT_OBJC_ISA_USAGE = YES_ERROR;
				CLANG_WARN_DOCUMENTATION_COMMENTS = YES;
				CLANG_WARN_EMPTY_BODY = YES;
				CLANG_WARN_ENUM_CONVERSION = YES;
				CLANG_WARN_INFINITE_RECURSION = YES;
				CLANG_WARN_INT_CONVERSION = YES;
				CLANG_WARN_NON_LITERAL_NULL_CONVERSION = YES;
				CLANG_WARN_OBJC_IMPLICIT_RETAIN_SELF = YES;
				CLANG_WARN_OBJC_LITERAL_CONVERSION = YES;
				CLANG_WARN_OBJC_ROOT_CLASS = YES_ERROR;
				CLANG_WARN_QUOTED_INCLUDE_IN_FRAMEWORK_HEADER = YES;
				CLANG_WARN_RANGE_LOOP_ANALYSIS = YES;
				CLANG_WARN_STRICT_PROTOTYPES = YES;
				CLANG_WARN_SUSPICIOUS_MOVE = YES;
				CLANG_WARN_UNGUARDED_AVAILABILITY = YES_AGGRESSIVE;
				CLANG_WARN_UNREACHABLE_CODE = YES;
				CLANG_WARN__DUPLICATE_METHOD_MATCH = YES;
				COPY_PHASE_STRIP = NO;
				DEBUG_INFORMATION_FORMAT = dwarf;
				ENABLE_STRICT_OBJC_MSGSEND = YES;
				ENABLE_TESTABILITY = YES;
				GCC_C_LANGUAGE_STANDARD = gnu11;
				GCC_DYNAMIC_NO_PIC = NO;
				GCC_NO_COMMON_BLOCKS = YES;
				GCC_OPTIMIZATION_LEVEL = 0;
				GCC_PREPROCESSOR_DEFINITIONS = (
					"DEBUG=1",
					"$(inherited)",
				);
				GCC_WARN_64_TO_32_BIT_CONVERSION = YES;
				GCC_WARN_ABOUT_RETURN_TYPE = YES_ERROR;
				GCC_WARN_UNDECLARED_SELECTOR = YES;
				GCC_WARN_UNINITIALIZED_AUTOS = YES_AGGRESSIVE;
				GCC_WARN_UNUSED_FUNCTION = YES;
				GCC_WARN_UNUSED_VARIABLE = YES;
				IPHONEOS_DEPLOYMENT_TARGET = 16.4;
				MTL_ENABLE_DEBUG_INFO = INCLUDE_SOURCE;
				MTL_FAST_MATH = YES;
				ONLY_ACTIVE_ARCH = YES;
				SDKROOT = iphoneos;
				SWIFT_ACTIVE_COMPILATION_CONDITIONS = DEBUG;
				SWIFT_OPTIMIZATION_LEVEL = "-Onone";
			};
			name = Debug;
		};
		B02EC66C2B5D8D5200CE0122 /* Release */ = {
			isa = XCBuildConfiguration;
			buildSettings = {
				ALWAYS_SEARCH_USER_PATHS = NO;
				CLANG_ANALYZER_NONNULL = YES;
				CLANG_ANALYZER_NUMBER_OBJECT_CONVERSION = YES_AGGRESSIVE;
				CLANG_CXX_LANGUAGE_STANDARD = "gnu++20";
				CLANG_ENABLE_MODULES = YES;
				CLANG_ENABLE_OBJC_ARC = YES;
				CLANG_ENABLE_OBJC_WEAK = YES;
				CLANG_WARN_BLOCK_CAPTURE_AUTORELEASING = YES;
				CLANG_WARN_BOOL_CONVERSION = YES;
				CLANG_WARN_COMMA = YES;
				CLANG_WARN_CONSTANT_CONVERSION = YES;
				CLANG_WARN_DEPRECATED_OBJC_IMPLEMENTATIONS = YES;
				CLANG_WARN_DIRECT_OBJC_ISA_USAGE = YES_ERROR;
				CLANG_WARN_DOCUMENTATION_COMMENTS = YES;
				CLANG_WARN_EMPTY_BODY = YES;
				CLANG_WARN_ENUM_CONVERSION = YES;
				CLANG_WARN_INFINITE_RECURSION = YES;
				CLANG_WARN_INT_CONVERSION = YES;
				CLANG_WARN_NON_LITERAL_NULL_CONVERSION = YES;
				CLANG_WARN_OBJC_IMPLICIT_RETAIN_SELF = YES;
				CLANG_WARN_OBJC_LITERAL_CONVERSION = YES;
				CLANG_WARN_OBJC_ROOT_CLASS = YES_ERROR;
				CLANG_WARN_QUOTED_INCLUDE_IN_FRAMEWORK_HEADER = YES;
				CLANG_WARN_RANGE_LOOP_ANALYSIS = YES;
				CLANG_WARN_STRICT_PROTOTYPES = YES;
				CLANG_WARN_SUSPICIOUS_MOVE = YES;
				CLANG_WARN_UNGUARDED_AVAILABILITY = YES_AGGRESSIVE;
				CLANG_WARN_UNREACHABLE_CODE = YES;
				CLANG_WARN__DUPLICATE_METHOD_MATCH = YES;
				COPY_PHASE_STRIP = NO;
				DEBUG_INFORMATION_FORMAT = "dwarf-with-dsym";
				ENABLE_NS_ASSERTIONS = NO;
				ENABLE_STRICT_OBJC_MSGSEND = YES;
				GCC_C_LANGUAGE_STANDARD = gnu11;
				GCC_NO_COMMON_BLOCKS = YES;
				GCC_WARN_64_TO_32_BIT_CONVERSION = YES;
				GCC_WARN_ABOUT_RETURN_TYPE = YES_ERROR;
				GCC_WARN_UNDECLARED_SELECTOR = YES;
				GCC_WARN_UNINITIALIZED_AUTOS = YES_AGGRESSIVE;
				GCC_WARN_UNUSED_FUNCTION = YES;
				GCC_WARN_UNUSED_VARIABLE = YES;
				IPHONEOS_DEPLOYMENT_TARGET = 16.4;
				MTL_ENABLE_DEBUG_INFO = NO;
				MTL_FAST_MATH = YES;
				SDKROOT = iphoneos;
				SWIFT_COMPILATION_MODE = wholemodule;
				SWIFT_OPTIMIZATION_LEVEL = "-O";
				VALIDATE_PRODUCT = YES;
			};
			name = Release;
		};
		B02EC66E2B5D8D5200CE0122 /* Debug */ = {
			isa = XCBuildConfiguration;
			buildSettings = {
				ASSETCATALOG_COMPILER_APPICON_NAME = AppIcon;
				ASSETCATALOG_COMPILER_GLOBAL_ACCENT_COLOR_NAME = AccentColor;
				CODE_SIGN_STYLE = Automatic;
				CURRENT_PROJECT_VERSION = 1;
				DEVELOPMENT_TEAM = VJ7AN5PN54;
				GENERATE_INFOPLIST_FILE = YES;
				INFOPLIST_FILE = SerfodiCalculator/Info.plist;
				INFOPLIST_KEY_CFBundleDisplayName = SCalculator;
				INFOPLIST_KEY_LSApplicationCategoryType = "public.app-category.education";
				INFOPLIST_KEY_UIApplicationSupportsIndirectInputEvents = YES;
				INFOPLIST_KEY_UILaunchStoryboardName = LaunchScreen;
				INFOPLIST_KEY_UIMainStoryboardFile = Main;
				INFOPLIST_KEY_UIStatusBarStyle = UIStatusBarStyleLightContent;
				INFOPLIST_KEY_UISupportedInterfaceOrientations = UIInterfaceOrientationPortrait;
				IPHONEOS_DEPLOYMENT_TARGET = 14.0;
				LD_RUNPATH_SEARCH_PATHS = (
					"$(inherited)",
					"@executable_path/Frameworks",
				);
				MARKETING_VERSION = 1.0;
				PRODUCT_BUNDLE_IDENTIFIER = Serfodi.SerfodiCalculator;
				PRODUCT_NAME = "$(TARGET_NAME)";
				SWIFT_EMIT_LOC_STRINGS = YES;
				SWIFT_VERSION = 5.0;
				TARGETED_DEVICE_FAMILY = "1,2";
			};
			name = Debug;
		};
		B02EC66F2B5D8D5200CE0122 /* Release */ = {
			isa = XCBuildConfiguration;
			buildSettings = {
				ASSETCATALOG_COMPILER_APPICON_NAME = AppIcon;
				ASSETCATALOG_COMPILER_GLOBAL_ACCENT_COLOR_NAME = AccentColor;
				CODE_SIGN_STYLE = Automatic;
				CURRENT_PROJECT_VERSION = 1;
				DEVELOPMENT_TEAM = VJ7AN5PN54;
				GENERATE_INFOPLIST_FILE = YES;
				INFOPLIST_FILE = SerfodiCalculator/Info.plist;
				INFOPLIST_KEY_CFBundleDisplayName = SCalculator;
				INFOPLIST_KEY_LSApplicationCategoryType = "public.app-category.education";
				INFOPLIST_KEY_UIApplicationSupportsIndirectInputEvents = YES;
				INFOPLIST_KEY_UILaunchStoryboardName = LaunchScreen;
				INFOPLIST_KEY_UIMainStoryboardFile = Main;
				INFOPLIST_KEY_UIStatusBarStyle = UIStatusBarStyleLightContent;
				INFOPLIST_KEY_UISupportedInterfaceOrientations = UIInterfaceOrientationPortrait;
				IPHONEOS_DEPLOYMENT_TARGET = 14.0;
				LD_RUNPATH_SEARCH_PATHS = (
					"$(inherited)",
					"@executable_path/Frameworks",
				);
				MARKETING_VERSION = 1.0;
				PRODUCT_BUNDLE_IDENTIFIER = Serfodi.SerfodiCalculator;
				PRODUCT_NAME = "$(TARGET_NAME)";
				SWIFT_EMIT_LOC_STRINGS = YES;
				SWIFT_VERSION = 5.0;
				TARGETED_DEVICE_FAMILY = "1,2";
			};
			name = Release;
		};
/* End XCBuildConfiguration section */

/* Begin XCConfigurationList section */
		B02EC6542B5D8D4E00CE0122 /* Build configuration list for PBXProject "SerfodiCalculator" */ = {
			isa = XCConfigurationList;
			buildConfigurations = (
				B02EC66B2B5D8D5200CE0122 /* Debug */,
				B02EC66C2B5D8D5200CE0122 /* Release */,
			);
			defaultConfigurationIsVisible = 0;
			defaultConfigurationName = Release;
		};
		B02EC66D2B5D8D5200CE0122 /* Build configuration list for PBXNativeTarget "SerfodiCalculator" */ = {
			isa = XCConfigurationList;
			buildConfigurations = (
				B02EC66E2B5D8D5200CE0122 /* Debug */,
				B02EC66F2B5D8D5200CE0122 /* Release */,
			);
			defaultConfigurationIsVisible = 0;
			defaultConfigurationName = Release;
		};
/* End XCConfigurationList section */
	};
	rootObject = B02EC6512B5D8D4E00CE0122 /* Project object */;
}
